// !$*UTF8*$!
{
	archiveVersion = 1;
	classes = {
	};
	objectVersion = 77;
	objects = {

/* Begin PBXContainerItemProxy section */
		AE10BD562D703AE700374948 /* PBXContainerItemProxy */ = {
			isa = PBXContainerItemProxy;
			containerPortal = AE10BD3D2D703AE700374948 /* Project object */;
			proxyType = 1;
			remoteGlobalIDString = AE10BD442D703AE700374948;
			remoteInfo = Lab5_TabbedApp;
		};
		AE10BD602D703AE700374948 /* PBXContainerItemProxy */ = {
			isa = PBXContainerItemProxy;
			containerPortal = AE10BD3D2D703AE700374948 /* Project object */;
			proxyType = 1;
			remoteGlobalIDString = AE10BD442D703AE700374948;
			remoteInfo = Lab5_TabbedApp;
		};
/* End PBXContainerItemProxy section */

/* Begin PBXFileReference section */
		AE10BD452D703AE700374948 /* Lab5_TabbedApp.app */ = {isa = PBXFileReference; explicitFileType = wrapper.application; includeInIndex = 0; path = Lab5_TabbedApp.app; sourceTree = BUILT_PRODUCTS_DIR; };
		AE10BD552D703AE700374948 /* Lab5_TabbedAppTests.xctest */ = {isa = PBXFileReference; explicitFileType = wrapper.cfbundle; includeInIndex = 0; path = Lab5_TabbedAppTests.xctest; sourceTree = BUILT_PRODUCTS_DIR; };
		AE10BD5F2D703AE700374948 /* Lab5_TabbedAppUITests.xctest */ = {isa = PBXFileReference; explicitFileType = wrapper.cfbundle; includeInIndex = 0; path = Lab5_TabbedAppUITests.xctest; sourceTree = BUILT_PRODUCTS_DIR; };
/* End PBXFileReference section */

/* Begin PBXFileSystemSynchronizedRootGroup section */
		AE10BD472D703AE700374948 /* Lab5_TabbedApp */ = {
			isa = PBXFileSystemSynchronizedRootGroup;
			path = Lab5_TabbedApp;
			sourceTree = "<group>";
		};
		AE10BD582D703AE700374948 /* Lab5_TabbedAppTests */ = {
			isa = PBXFileSystemSynchronizedRootGroup;
			path = Lab5_TabbedAppTests;
			sourceTree = "<group>";
		};
		AE10BD622D703AE700374948 /* Lab5_TabbedAppUITests */ = {
			isa = PBXFileSystemSynchronizedRootGroup;
			path = Lab5_TabbedAppUITests;
			sourceTree = "<group>";
		};
/* End PBXFileSystemSynchronizedRootGroup section */

/* Begin PBXFrameworksBuildPhase section */
		AE10BD422D703AE700374948 /* Frameworks */ = {
			isa = PBXFrameworksBuildPhase;
			buildActionMask = 2147483647;
			files = (
			);
			runOnlyForDeploymentPostprocessing = 0;
		};
		AE10BD522D703AE700374948 /* Frameworks */ = {
			isa = PBXFrameworksBuildPhase;
			buildActionMask = 2147483647;
			files = (
			);
			runOnlyForDeploymentPostprocessing = 0;
		};
		AE10BD5C2D703AE700374948 /* Frameworks */ = {
			isa = PBXFrameworksBuildPhase;
			buildActionMask = 2147483647;
			files = (
			);
			runOnlyForDeploymentPostprocessing = 0;
		};
/* End PBXFrameworksBuildPhase section */

/* Begin PBXGroup section */
		AE10BD3C2D703AE700374948 = {
			isa = PBXGroup;
			children = (
				AE10BD472D703AE700374948 /* Lab5_TabbedApp */,
				AE10BD582D703AE700374948 /* Lab5_TabbedAppTests */,
				AE10BD622D703AE700374948 /* Lab5_TabbedAppUITests */,
				AE10BD462D703AE700374948 /* Products */,
			);
			sourceTree = "<group>";
		};
		AE10BD462D703AE700374948 /* Products */ = {
			isa = PBXGroup;
			children = (
				AE10BD452D703AE700374948 /* Lab5_TabbedApp.app */,
				AE10BD552D703AE700374948 /* Lab5_TabbedAppTests.xctest */,
				AE10BD5F2D703AE700374948 /* Lab5_TabbedAppUITests.xctest */,
			);
			name = Products;
			sourceTree = "<group>";
		};
/* End PBXGroup section */

/* Begin PBXNativeTarget section */
		AE10BD442D703AE700374948 /* Lab5_TabbedApp */ = {
			isa = PBXNativeTarget;
			buildConfigurationList = AE10BD692D703AE700374948 /* Build configuration list for PBXNativeTarget "Lab5_TabbedApp" */;
			buildPhases = (
				AE10BD412D703AE700374948 /* Sources */,
				AE10BD422D703AE700374948 /* Frameworks */,
				AE10BD432D703AE700374948 /* Resources */,
			);
			buildRules = (
			);
			dependencies = (
			);
			fileSystemSynchronizedGroups = (
				AE10BD472D703AE700374948 /* Lab5_TabbedApp */,
			);
			name = Lab5_TabbedApp;
			packageProductDependencies = (
			);
			productName = Lab5_TabbedApp;
			productReference = AE10BD452D703AE700374948 /* Lab5_TabbedApp.app */;
			productType = "com.apple.product-type.application";
		};
		AE10BD542D703AE700374948 /* Lab5_TabbedAppTests */ = {
			isa = PBXNativeTarget;
			buildConfigurationList = AE10BD6C2D703AE700374948 /* Build configuration list for PBXNativeTarget "Lab5_TabbedAppTests" */;
			buildPhases = (
				AE10BD512D703AE700374948 /* Sources */,
				AE10BD522D703AE700374948 /* Frameworks */,
				AE10BD532D703AE700374948 /* Resources */,
			);
			buildRules = (
			);
			dependencies = (
				AE10BD572D703AE700374948 /* PBXTargetDependency */,
			);
			fileSystemSynchronizedGroups = (
				AE10BD582D703AE700374948 /* Lab5_TabbedAppTests */,
			);
			name = Lab5_TabbedAppTests;
			packageProductDependencies = (
			);
			productName = Lab5_TabbedAppTests;
			productReference = AE10BD552D703AE700374948 /* Lab5_TabbedAppTests.xctest */;
			productType = "com.apple.product-type.bundle.unit-test";
		};
		AE10BD5E2D703AE700374948 /* Lab5_TabbedAppUITests */ = {
			isa = PBXNativeTarget;
			buildConfigurationList = AE10BD6F2D703AE700374948 /* Build configuration list for PBXNativeTarget "Lab5_TabbedAppUITests" */;
			buildPhases = (
				AE10BD5B2D703AE700374948 /* Sources */,
				AE10BD5C2D703AE700374948 /* Frameworks */,
				AE10BD5D2D703AE700374948 /* Resources */,
			);
			buildRules = (
			);
			dependencies = (
				AE10BD612D703AE700374948 /* PBXTargetDependency */,
			);
			fileSystemSynchronizedGroups = (
				AE10BD622D703AE700374948 /* Lab5_TabbedAppUITests */,
			);
			name = Lab5_TabbedAppUITests;
			packageProductDependencies = (
			);
			productName = Lab5_TabbedAppUITests;
			productReference = AE10BD5F2D703AE700374948 /* Lab5_TabbedAppUITests.xctest */;
			productType = "com.apple.product-type.bundle.ui-testing";
		};
/* End PBXNativeTarget section */

/* Begin PBXProject section */
		AE10BD3D2D703AE700374948 /* Project object */ = {
			isa = PBXProject;
			attributes = {
				BuildIndependentTargetsInParallel = 1;
				LastSwiftUpdateCheck = 1620;
				LastUpgradeCheck = 1620;
				TargetAttributes = {
					AE10BD442D703AE700374948 = {
						CreatedOnToolsVersion = 16.2;
					};
					AE10BD542D703AE700374948 = {
						CreatedOnToolsVersion = 16.2;
						TestTargetID = AE10BD442D703AE700374948;
					};
					AE10BD5E2D703AE700374948 = {
						CreatedOnToolsVersion = 16.2;
						TestTargetID = AE10BD442D703AE700374948;
					};
				};
			};
			buildConfigurationList = AE10BD402D703AE700374948 /* Build configuration list for PBXProject "Lab5_TabbedApp" */;
			developmentRegion = en;
			hasScannedForEncodings = 0;
			knownRegions = (
				en,
				Base,
			);
			mainGroup = AE10BD3C2D703AE700374948;
			minimizedProjectReferenceProxies = 1;
			preferredProjectObjectVersion = 77;
			productRefGroup = AE10BD462D703AE700374948 /* Products */;
			projectDirPath = "";
			projectRoot = "";
			targets = (
				AE10BD442D703AE700374948 /* Lab5_TabbedApp */,
				AE10BD542D703AE700374948 /* Lab5_TabbedAppTests */,
				AE10BD5E2D703AE700374948 /* Lab5_TabbedAppUITests */,
			);
		};
/* End PBXProject section */

/* Begin PBXResourcesBuildPhase section */
		AE10BD432D703AE700374948 /* Resources */ = {
			isa = PBXResourcesBuildPhase;
			buildActionMask = 2147483647;
			files = (
			);
			runOnlyForDeploymentPostprocessing = 0;
		};
		AE10BD532D703AE700374948 /* Resources */ = {
			isa = PBXResourcesBuildPhase;
			buildActionMask = 2147483647;
			files = (
			);
			runOnlyForDeploymentPostprocessing = 0;
		};
		AE10BD5D2D703AE700374948 /* Resources */ = {
			isa = PBXResourcesBuildPhase;
			buildActionMask = 2147483647;
			files = (
			);
			runOnlyForDeploymentPostprocessing = 0;
		};
/* End PBXResourcesBuildPhase section */

/* Begin PBXSourcesBuildPhase section */
		AE10BD412D703AE700374948 /* Sources */ = {
			isa = PBXSourcesBuildPhase;
			buildActionMask = 2147483647;
			files = (
			);
			runOnlyForDeploymentPostprocessing = 0;
		};
		AE10BD512D703AE700374948 /* Sources */ = {
			isa = PBXSourcesBuildPhase;
			buildActionMask = 2147483647;
			files = (
			);
			runOnlyForDeploymentPostprocessing = 0;
		};
		AE10BD5B2D703AE700374948 /* Sources */ = {
			isa = PBXSourcesBuildPhase;
			buildActionMask = 2147483647;
			files = (
			);
			runOnlyForDeploymentPostprocessing = 0;
		};
/* End PBXSourcesBuildPhase section */

/* Begin PBXTargetDependency section */
		AE10BD572D703AE700374948 /* PBXTargetDependency */ = {
			isa = PBXTargetDependency;
			target = AE10BD442D703AE700374948 /* Lab5_TabbedApp */;
			targetProxy = AE10BD562D703AE700374948 /* PBXContainerItemProxy */;
		};
		AE10BD612D703AE700374948 /* PBXTargetDependency */ = {
			isa = PBXTargetDependency;
			target = AE10BD442D703AE700374948 /* Lab5_TabbedApp */;
			targetProxy = AE10BD602D703AE700374948 /* PBXContainerItemProxy */;
		};
/* End PBXTargetDependency section */

/* Begin XCBuildConfiguration section */
		AE10BD672D703AE700374948 /* Debug */ = {
			isa = XCBuildConfiguration;
			buildSettings = {
				ALWAYS_SEARCH_USER_PATHS = NO;
				ASSETCATALOG_COMPILER_GENERATE_SWIFT_ASSET_SYMBOL_EXTENSIONS = YES;
				CLANG_ANALYZER_NONNULL = YES;
				CLANG_ANALYZER_NUMBER_OBJECT_CONVERSION = YES_AGGRESSIVE;
				CLANG_CXX_LANGUAGE_STANDARD = "gnu++20";
				CLANG_ENABLE_MODULES = YES;
				CLANG_ENABLE_OBJC_ARC = YES;
				CLANG_ENABLE_OBJC_WEAK = YES;
				CLANG_WARN_BLOCK_CAPTURE_AUTORELEASING = YES;
				CLANG_WARN_BOOL_CONVERSION = YES;
				CLANG_WARN_COMMA = YES;
				CLANG_WARN_CONSTANT_CONVERSION = YES;
				CLANG_WARN_DEPRECATED_OBJC_IMPLEMENTATIONS = YES;
				CLANG_WARN_DIRECT_OBJC_ISA_USAGE = YES_ERROR;
				CLANG_WARN_DOCUMENTATION_COMMENTS = YES;
				CLANG_WARN_EMPTY_BODY = YES;
				CLANG_WARN_ENUM_CONVERSION = YES;
				CLANG_WARN_INFINITE_RECURSION = YES;
				CLANG_WARN_INT_CONVERSION = YES;
				CLANG_WARN_NON_LITERAL_NULL_CONVERSION = YES;
				CLANG_WARN_OBJC_IMPLICIT_RETAIN_SELF = YES;
				CLANG_WARN_OBJC_LITERAL_CONVERSION = YES;
				CLANG_WARN_OBJC_ROOT_CLASS = YES_ERROR;
				CLANG_WARN_QUOTED_INCLUDE_IN_FRAMEWORK_HEADER = YES;
				CLANG_WARN_RANGE_LOOP_ANALYSIS = YES;
				CLANG_WARN_STRICT_PROTOTYPES = YES;
				CLANG_WARN_SUSPICIOUS_MOVE = YES;
				CLANG_WARN_UNGUARDED_AVAILABILITY = YES_AGGRESSIVE;
				CLANG_WARN_UNREACHABLE_CODE = YES;
				CLANG_WARN__DUPLICATE_METHOD_MATCH = YES;
				COPY_PHASE_STRIP = NO;
				DEBUG_INFORMATION_FORMAT = dwarf;
				ENABLE_STRICT_OBJC_MSGSEND = YES;
				ENABLE_TESTABILITY = YES;
				ENABLE_USER_SCRIPT_SANDBOXING = YES;
				GCC_C_LANGUAGE_STANDARD = gnu17;
				GCC_DYNAMIC_NO_PIC = NO;
				GCC_NO_COMMON_BLOCKS = YES;
				GCC_OPTIMIZATION_LEVEL = 0;
				GCC_PREPROCESSOR_DEFINITIONS = (
					"DEBUG=1",
					"$(inherited)",
				);
				GCC_WARN_64_TO_32_BIT_CONVERSION = YES;
				GCC_WARN_ABOUT_RETURN_TYPE = YES_ERROR;
				GCC_WARN_UNDECLARED_SELECTOR = YES;
				GCC_WARN_UNINITIALIZED_AUTOS = YES_AGGRESSIVE;
				GCC_WARN_UNUSED_FUNCTION = YES;
				GCC_WARN_UNUSED_VARIABLE = YES;
				IPHONEOS_DEPLOYMENT_TARGET = 18.2;
				LOCALIZATION_PREFERS_STRING_CATALOGS = YES;
				MTL_ENABLE_DEBUG_INFO = INCLUDE_SOURCE;
				MTL_FAST_MATH = YES;
				ONLY_ACTIVE_ARCH = YES;
				SDKROOT = iphoneos;
				SWIFT_ACTIVE_COMPILATION_CONDITIONS = "DEBUG $(inherited)";
				SWIFT_OPTIMIZATION_LEVEL = "-Onone";
			};
			name = Debug;
		};
		AE10BD682D703AE700374948 /* Release */ = {
			isa = XCBuildConfiguration;
			buildSettings = {
				ALWAYS_SEARCH_USER_PATHS = NO;
				ASSETCATALOG_COMPILER_GENERATE_SWIFT_ASSET_SYMBOL_EXTENSIONS = YES;
				CLANG_ANALYZER_NONNULL = YES;
				CLANG_ANALYZER_NUMBER_OBJECT_CONVERSION = YES_AGGRESSIVE;
				CLANG_CXX_LANGUAGE_STANDARD = "gnu++20";
				CLANG_ENABLE_MODULES = YES;
				CLANG_ENABLE_OBJC_ARC = YES;
				CLANG_ENABLE_OBJC_WEAK = YES;
				CLANG_WARN_BLOCK_CAPTURE_AUTORELEASING = YES;
				CLANG_WARN_BOOL_CONVERSION = YES;
				CLANG_WARN_COMMA = YES;
				CLANG_WARN_CONSTANT_CONVERSION = YES;
				CLANG_WARN_DEPRECATED_OBJC_IMPLEMENTATIONS = YES;
				CLANG_WARN_DIRECT_OBJC_ISA_USAGE = YES_ERROR;
				CLANG_WARN_DOCUMENTATION_COMMENTS = YES;
				CLANG_WARN_EMPTY_BODY = YES;
				CLANG_WARN_ENUM_CONVERSION = YES;
				CLANG_WARN_INFINITE_RECURSION = YES;
				CLANG_WARN_INT_CONVERSION = YES;
				CLANG_WARN_NON_LITERAL_NULL_CONVERSION = YES;
				CLANG_WARN_OBJC_IMPLICIT_RETAIN_SELF = YES;
				CLANG_WARN_OBJC_LITERAL_CONVERSION = YES;
				CLANG_WARN_OBJC_ROOT_CLASS = YES_ERROR;
				CLANG_WARN_QUOTED_INCLUDE_IN_FRAMEWORK_HEADER = YES;
				CLANG_WARN_RANGE_LOOP_ANALYSIS = YES;
				CLANG_WARN_STRICT_PROTOTYPES = YES;
				CLANG_WARN_SUSPICIOUS_MOVE = YES;
				CLANG_WARN_UNGUARDED_AVAILABILITY = YES_AGGRESSIVE;
				CLANG_WARN_UNREACHABLE_CODE = YES;
				CLANG_WARN__DUPLICATE_METHOD_MATCH = YES;
				COPY_PHASE_STRIP = NO;
				DEBUG_INFORMATION_FORMAT = "dwarf-with-dsym";
				ENABLE_NS_ASSERTIONS = NO;
				ENABLE_STRICT_OBJC_MSGSEND = YES;
				ENABLE_USER_SCRIPT_SANDBOXING = YES;
				GCC_C_LANGUAGE_STANDARD = gnu17;
				GCC_NO_COMMON_BLOCKS = YES;
				GCC_WARN_64_TO_32_BIT_CONVERSION = YES;
				GCC_WARN_ABOUT_RETURN_TYPE = YES_ERROR;
				GCC_WARN_UNDECLARED_SELECTOR = YES;
				GCC_WARN_UNINITIALIZED_AUTOS = YES_AGGRESSIVE;
				GCC_WARN_UNUSED_FUNCTION = YES;
				GCC_WARN_UNUSED_VARIABLE = YES;
				IPHONEOS_DEPLOYMENT_TARGET = 18.2;
				LOCALIZATION_PREFERS_STRING_CATALOGS = YES;
				MTL_ENABLE_DEBUG_INFO = NO;
				MTL_FAST_MATH = YES;
				SDKROOT = iphoneos;
				SWIFT_COMPILATION_MODE = wholemodule;
				VALIDATE_PRODUCT = YES;
			};
			name = Release;
		};
		AE10BD6A2D703AE700374948 /* Debug */ = {
			isa = XCBuildConfiguration;
			buildSettings = {
				ASSETCATALOG_COMPILER_APPICON_NAME = AppIcon;
				ASSETCATALOG_COMPILER_GLOBAL_ACCENT_COLOR_NAME = AccentColor;
				CODE_SIGN_STYLE = Automatic;
				CURRENT_PROJECT_VERSION = 1;
				DEVELOPMENT_ASSET_PATHS = "\"Lab5_TabbedApp/Preview Content\"";
				ENABLE_PREVIEWS = YES;
				GENERATE_INFOPLIST_FILE = YES;
				INFOPLIST_KEY_UIApplicationSceneManifest_Generation = YES;
				INFOPLIST_KEY_UIApplicationSupportsIndirectInputEvents = YES;
				INFOPLIST_KEY_UILaunchScreen_Generation = YES;
				INFOPLIST_KEY_UISupportedInterfaceOrientations_iPad = "UIInterfaceOrientationPortrait UIInterfaceOrientationPortraitUpsideDown UIInterfaceOrientationLandscapeLeft UIInterfaceOrientationLandscapeRight";
				INFOPLIST_KEY_UISupportedInterfaceOrientations_iPhone = "UIInterfaceOrientationPortrait UIInterfaceOrientationLandscapeLeft UIInterfaceOrientationLandscapeRight";
				LD_RUNPATH_SEARCH_PATHS = (
					"$(inherited)",
					"@executable_path/Frameworks",
				);
				MARKETING_VERSION = 1.0;
				PRODUCT_BUNDLE_IDENTIFIER = "com.COSC.Lab5-TabbedApp";
				PRODUCT_NAME = "$(TARGET_NAME)";
				SWIFT_EMIT_LOC_STRINGS = YES;
				SWIFT_VERSION = 5.0;
				TARGETED_DEVICE_FAMILY = "1,2";
			};
			name = Debug;
		};
		AE10BD6B2D703AE700374948 /* Release */ = {
			isa = XCBuildConfiguration;
			buildSettings = {
				ASSETCATALOG_COMPILER_APPICON_NAME = AppIcon;
				ASSETCATALOG_COMPILER_GLOBAL_ACCENT_COLOR_NAME = AccentColor;
				CODE_SIGN_STYLE = Automatic;
				CURRENT_PROJECT_VERSION = 1;
				DEVELOPMENT_ASSET_PATHS = "\"Lab5_TabbedApp/Preview Content\"";
				ENABLE_PREVIEWS = YES;
				GENERATE_INFOPLIST_FILE = YES;
				INFOPLIST_KEY_UIApplicationSceneManifest_Generation = YES;
				INFOPLIST_KEY_UIApplicationSupportsIndirectInputEvents = YES;
				INFOPLIST_KEY_UILaunchScreen_Generation = YES;
				INFOPLIST_KEY_UISupportedInterfaceOrientations_iPad = "UIInterfaceOrientationPortrait UIInterfaceOrientationPortraitUpsideDown UIInterfaceOrientationLandscapeLeft UIInterfaceOrientationLandscapeRight";
				INFOPLIST_KEY_UISupportedInterfaceOrientations_iPhone = "UIInterfaceOrientationPortrait UIInterfaceOrientationLandscapeLeft UIInterfaceOrientationLandscapeRight";
				LD_RUNPATH_SEARCH_PATHS = (
					"$(inherited)",
					"@executable_path/Frameworks",
				);
				MARKETING_VERSION = 1.0;
				PRODUCT_BUNDLE_IDENTIFIER = "com.COSC.Lab5-TabbedApp";
				PRODUCT_NAME = "$(TARGET_NAME)";
				SWIFT_EMIT_LOC_STRINGS = YES;
				SWIFT_VERSION = 5.0;
				TARGETED_DEVICE_FAMILY = "1,2";
			};
			name = Release;
		};
		AE10BD6D2D703AE700374948 /* Debug */ = {
			isa = XCBuildConfiguration;
			buildSettings = {
				BUNDLE_LOADER = "$(TEST_HOST)";
				CODE_SIGN_STYLE = Automatic;
				CURRENT_PROJECT_VERSION = 1;
				GENERATE_INFOPLIST_FILE = YES;
				IPHONEOS_DEPLOYMENT_TARGET = 18.2;
				MARKETING_VERSION = 1.0;
				PRODUCT_BUNDLE_IDENTIFIER = "com.COSC.Lab5-TabbedAppTests";
				PRODUCT_NAME = "$(TARGET_NAME)";
				SWIFT_EMIT_LOC_STRINGS = NO;
				SWIFT_VERSION = 5.0;
				TARGETED_DEVICE_FAMILY = "1,2";
				TEST_HOST = "$(BUILT_PRODUCTS_DIR)/Lab5_TabbedApp.app/$(BUNDLE_EXECUTABLE_FOLDER_PATH)/Lab5_TabbedApp";
			};
			name = Debug;
		};
		AE10BD6E2D703AE700374948 /* Release */ = {
			isa = XCBuildConfiguration;
			buildSettings = {
				BUNDLE_LOADER = "$(TEST_HOST)";
				CODE_SIGN_STYLE = Automatic;
				CURRENT_PROJECT_VERSION = 1;
				GENERATE_INFOPLIST_FILE = YES;
				IPHONEOS_DEPLOYMENT_TARGET = 18.2;
				MARKETING_VERSION = 1.0;
				PRODUCT_BUNDLE_IDENTIFIER = "com.COSC.Lab5-TabbedAppTests";
				PRODUCT_NAME = "$(TARGET_NAME)";
				SWIFT_EMIT_LOC_STRINGS = NO;
				SWIFT_VERSION = 5.0;
				TARGETED_DEVICE_FAMILY = "1,2";
				TEST_HOST = "$(BUILT_PRODUCTS_DIR)/Lab5_TabbedApp.app/$(BUNDLE_EXECUTABLE_FOLDER_PATH)/Lab5_TabbedApp";
			};
			name = Release;
		};
		AE10BD702D703AE700374948 /* Debug */ = {
			isa = XCBuildConfiguration;
			buildSettings = {
				CODE_SIGN_STYLE = Automatic;
				CURRENT_PROJECT_VERSION = 1;
				GENERATE_INFOPLIST_FILE = YES;
				MARKETING_VERSION = 1.0;
				PRODUCT_BUNDLE_IDENTIFIER = "com.COSC.Lab5-TabbedAppUITests";
				PRODUCT_NAME = "$(TARGET_NAME)";
				SWIFT_EMIT_LOC_STRINGS = NO;
				SWIFT_VERSION = 5.0;
				TARGETED_DEVICE_FAMILY = "1,2";
				TEST_TARGET_NAME = Lab5_TabbedApp;
			};
			name = Debug;
		};
		AE10BD712D703AE700374948 /* Release */ = {
			isa = XCBuildConfiguration;
			buildSettings = {
				CODE_SIGN_STYLE = Automatic;
				CURRENT_PROJECT_VERSION = 1;
				GENERATE_INFOPLIST_FILE = YES;
				MARKETING_VERSION = 1.0;
				PRODUCT_BUNDLE_IDENTIFIER = "com.COSC.Lab5-TabbedAppUITests";
				PRODUCT_NAME = "$(TARGET_NAME)";
				SWIFT_EMIT_LOC_STRINGS = NO;
				SWIFT_VERSION = 5.0;
				TARGETED_DEVICE_FAMILY = "1,2";
				TEST_TARGET_NAME = Lab5_TabbedApp;
			};
			name = Release;
		};
/* End XCBuildConfiguration section */

/* Begin XCConfigurationList section */
		AE10BD402D703AE700374948 /* Build configuration list for PBXProject "Lab5_TabbedApp" */ = {
			isa = XCConfigurationList;
			buildConfigurations = (
				AE10BD672D703AE700374948 /* Debug */,
				AE10BD682D703AE700374948 /* Release */,
			);
			defaultConfigurationIsVisible = 0;
			defaultConfigurationName = Release;
		};
		AE10BD692D703AE700374948 /* Build configuration list for PBXNativeTarget "Lab5_TabbedApp" */ = {
			isa = XCConfigurationList;
			buildConfigurations = (
				AE10BD6A2D703AE700374948 /* Debug */,
				AE10BD6B2D703AE700374948 /* Release */,
			);
			defaultConfigurationIsVisible = 0;
			defaultConfigurationName = Release;
		};
		AE10BD6C2D703AE700374948 /* Build configuration list for PBXNativeTarget "Lab5_TabbedAppTests" */ = {
			isa = XCConfigurationList;
			buildConfigurations = (
				AE10BD6D2D703AE700374948 /* Debug */,
				AE10BD6E2D703AE700374948 /* Release */,
			);
			defaultConfigurationIsVisible = 0;
			defaultConfigurationName = Release;
		};
		AE10BD6F2D703AE700374948 /* Build configuration list for PBXNativeTarget "Lab5_TabbedAppUITests" */ = {
			isa = XCConfigurationList;
			buildConfigurations = (
				AE10BD702D703AE700374948 /* Debug */,
				AE10BD712D703AE700374948 /* Release */,
			);
			defaultConfigurationIsVisible = 0;
			defaultConfigurationName = Release;
		};
/* End XCConfigurationList section */
	};
	rootObject = AE10BD3D2D703AE700374948 /* Project object */;
}
