// !$*UTF8*$!
{
	archiveVersion = 1;
	classes = {
	};
	objectVersion = 77;
	objects = {

/* Begin PBXContainerItemProxy section */
		AE8E36C52D7BF76E006FAD07 /* PBXContainerItemProxy */ = {
			isa = PBXContainerItemProxy;
			containerPortal = AE8E36A62D7BF76D006FAD07 /* Project object */;
			proxyType = 1;
			remoteGlobalIDString = AE8E36AD2D7BF76D006FAD07;
			remoteInfo = CollegeDb;
		};
		AE8E36CF2D7BF76E006FAD07 /* PBXContainerItemProxy */ = {
			isa = PBXContainerItemProxy;
			containerPortal = AE8E36A62D7BF76D006FAD07 /* Project object */;
			proxyType = 1;
			remoteGlobalIDString = AE8E36AD2D7BF76D006FAD07;
			remoteInfo = CollegeDb;
		};
/* End PBXContainerItemProxy section */

/* Begin PBXFileReference section */
		AE8E36AE2D7BF76D006FAD07 /* CollegeDb.app */ = {isa = PBXFileReference; explicitFileType = wrapper.application; includeInIndex = 0; path = CollegeDb.app; sourceTree = BUILT_PRODUCTS_DIR; };
		AE8E36C42D7BF76E006FAD07 /* CollegeDbTests.xctest */ = {isa = PBXFileReference; explicitFileType = wrapper.cfbundle; includeInIndex = 0; path = CollegeDbTests.xctest; sourceTree = BUILT_PRODUCTS_DIR; };
		AE8E36CE2D7BF76E006FAD07 /* CollegeDbUITests.xctest */ = {isa = PBXFileReference; explicitFileType = wrapper.cfbundle; includeInIndex = 0; path = CollegeDbUITests.xctest; sourceTree = BUILT_PRODUCTS_DIR; };
/* End PBXFileReference section */

/* Begin PBXFileSystemSynchronizedBuildFileExceptionSet section */
		AE8E36D62D7BF76E006FAD07 /* Exceptions for "CollegeDb" folder in "CollegeDb" target */ = {
			isa = PBXFileSystemSynchronizedBuildFileExceptionSet;
			membershipExceptions = (
				Info.plist,
			);
			target = AE8E36AD2D7BF76D006FAD07 /* CollegeDb */;
		};
/* End PBXFileSystemSynchronizedBuildFileExceptionSet section */

/* Begin PBXFileSystemSynchronizedRootGroup section */
		AE8E36B02D7BF76D006FAD07 /* CollegeDb */ = {
			isa = PBXFileSystemSynchronizedRootGroup;
			exceptions = (
				AE8E36D62D7BF76E006FAD07 /* Exceptions for "CollegeDb" folder in "CollegeDb" target */,
			);
			path = CollegeDb;
			sourceTree = "<group>";
		};
		AE8E36C72D7BF76E006FAD07 /* CollegeDbTests */ = {
			isa = PBXFileSystemSynchronizedRootGroup;
			path = CollegeDbTests;
			sourceTree = "<group>";
		};
		AE8E36D12D7BF76E006FAD07 /* CollegeDbUITests */ = {
			isa = PBXFileSystemSynchronizedRootGroup;
			path = CollegeDbUITests;
			sourceTree = "<group>";
		};
/* End PBXFileSystemSynchronizedRootGroup section */

/* Begin PBXFrameworksBuildPhase section */
		AE8E36AB2D7BF76D006FAD07 /* Frameworks */ = {
			isa = PBXFrameworksBuildPhase;
			buildActionMask = 2147483647;
			files = (
			);
			runOnlyForDeploymentPostprocessing = 0;
		};
		AE8E36C12D7BF76E006FAD07 /* Frameworks */ = {
			isa = PBXFrameworksBuildPhase;
			buildActionMask = 2147483647;
			files = (
			);
			runOnlyForDeploymentPostprocessing = 0;
		};
		AE8E36CB2D7BF76E006FAD07 /* Frameworks */ = {
			isa = PBXFrameworksBuildPhase;
			buildActionMask = 2147483647;
			files = (
			);
			runOnlyForDeploymentPostprocessing = 0;
		};
/* End PBXFrameworksBuildPhase section */

/* Begin PBXGroup section */
		AE8E36A52D7BF76D006FAD07 = {
			isa = PBXGroup;
			children = (
				AE8E36B02D7BF76D006FAD07 /* CollegeDb */,
				AE8E36C72D7BF76E006FAD07 /* CollegeDbTests */,
				AE8E36D12D7BF76E006FAD07 /* CollegeDbUITests */,
				AE8E36AF2D7BF76D006FAD07 /* Products */,
			);
			sourceTree = "<group>";
		};
		AE8E36AF2D7BF76D006FAD07 /* Products */ = {
			isa = PBXGroup;
			children = (
				AE8E36AE2D7BF76D006FAD07 /* CollegeDb.app */,
				AE8E36C42D7BF76E006FAD07 /* CollegeDbTests.xctest */,
				AE8E36CE2D7BF76E006FAD07 /* CollegeDbUITests.xctest */,
			);
			name = Products;
			sourceTree = "<group>";
		};
/* End PBXGroup section */

/* Begin PBXNativeTarget section */
		AE8E36AD2D7BF76D006FAD07 /* CollegeDb */ = {
			isa = PBXNativeTarget;
			buildConfigurationList = AE8E36D72D7BF76E006FAD07 /* Build configuration list for PBXNativeTarget "CollegeDb" */;
			buildPhases = (
				AE8E36AA2D7BF76D006FAD07 /* Sources */,
				AE8E36AB2D7BF76D006FAD07 /* Frameworks */,
				AE8E36AC2D7BF76D006FAD07 /* Resources */,
			);
			buildRules = (
			);
			dependencies = (
			);
			fileSystemSynchronizedGroups = (
				AE8E36B02D7BF76D006FAD07 /* CollegeDb */,
			);
			name = CollegeDb;
			packageProductDependencies = (
			);
			productName = CollegeDb;
			productReference = AE8E36AE2D7BF76D006FAD07 /* CollegeDb.app */;
			productType = "com.apple.product-type.application";
		};
		AE8E36C32D7BF76E006FAD07 /* CollegeDbTests */ = {
			isa = PBXNativeTarget;
			buildConfigurationList = AE8E36DC2D7BF76E006FAD07 /* Build configuration list for PBXNativeTarget "CollegeDbTests" */;
			buildPhases = (
				AE8E36C02D7BF76E006FAD07 /* Sources */,
				AE8E36C12D7BF76E006FAD07 /* Frameworks */,
				AE8E36C22D7BF76E006FAD07 /* Resources */,
			);
			buildRules = (
			);
			dependencies = (
				AE8E36C62D7BF76E006FAD07 /* PBXTargetDependency */,
			);
			fileSystemSynchronizedGroups = (
				AE8E36C72D7BF76E006FAD07 /* CollegeDbTests */,
			);
			name = CollegeDbTests;
			packageProductDependencies = (
			);
			productName = CollegeDbTests;
			productReference = AE8E36C42D7BF76E006FAD07 /* CollegeDbTests.xctest */;
			productType = "com.apple.product-type.bundle.unit-test";
		};
		AE8E36CD2D7BF76E006FAD07 /* CollegeDbUITests */ = {
			isa = PBXNativeTarget;
			buildConfigurationList = AE8E36DF2D7BF76E006FAD07 /* Build configuration list for PBXNativeTarget "CollegeDbUITests" */;
			buildPhases = (
				AE8E36CA2D7BF76E006FAD07 /* Sources */,
				AE8E36CB2D7BF76E006FAD07 /* Frameworks */,
				AE8E36CC2D7BF76E006FAD07 /* Resources */,
			);
			buildRules = (
			);
			dependencies = (
				AE8E36D02D7BF76E006FAD07 /* PBXTargetDependency */,
			);
			fileSystemSynchronizedGroups = (
				AE8E36D12D7BF76E006FAD07 /* CollegeDbUITests */,
			);
			name = CollegeDbUITests;
			packageProductDependencies = (
			);
			productName = CollegeDbUITests;
			productReference = AE8E36CE2D7BF76E006FAD07 /* CollegeDbUITests.xctest */;
			productType = "com.apple.product-type.bundle.ui-testing";
		};
/* End PBXNativeTarget section */

/* Begin PBXProject section */
		AE8E36A62D7BF76D006FAD07 /* Project object */ = {
			isa = PBXProject;
			attributes = {
				BuildIndependentTargetsInParallel = 1;
				LastSwiftUpdateCheck = 1620;
				LastUpgradeCheck = 1620;
				TargetAttributes = {
					AE8E36AD2D7BF76D006FAD07 = {
						CreatedOnToolsVersion = 16.2;
					};
					AE8E36C32D7BF76E006FAD07 = {
						CreatedOnToolsVersion = 16.2;
						TestTargetID = AE8E36AD2D7BF76D006FAD07;
					};
					AE8E36CD2D7BF76E006FAD07 = {
						CreatedOnToolsVersion = 16.2;
						TestTargetID = AE8E36AD2D7BF76D006FAD07;
					};
				};
			};
			buildConfigurationList = AE8E36A92D7BF76D006FAD07 /* Build configuration list for PBXProject "CollegeDb" */;
			developmentRegion = en;
			hasScannedForEncodings = 0;
			knownRegions = (
				en,
				Base,
			);
			mainGroup = AE8E36A52D7BF76D006FAD07;
			minimizedProjectReferenceProxies = 1;
			preferredProjectObjectVersion = 77;
			productRefGroup = AE8E36AF2D7BF76D006FAD07 /* Products */;
			projectDirPath = "";
			projectRoot = "";
			targets = (
				AE8E36AD2D7BF76D006FAD07 /* CollegeDb */,
				AE8E36C32D7BF76E006FAD07 /* CollegeDbTests */,
				AE8E36CD2D7BF76E006FAD07 /* CollegeDbUITests */,
			);
		};
/* End PBXProject section */

/* Begin PBXResourcesBuildPhase section */
		AE8E36AC2D7BF76D006FAD07 /* Resources */ = {
			isa = PBXResourcesBuildPhase;
			buildActionMask = 2147483647;
			files = (
			);
			runOnlyForDeploymentPostprocessing = 0;
		};
		AE8E36C22D7BF76E006FAD07 /* Resources */ = {
			isa = PBXResourcesBuildPhase;
			buildActionMask = 2147483647;
			files = (
			);
			runOnlyForDeploymentPostprocessing = 0;
		};
		AE8E36CC2D7BF76E006FAD07 /* Resources */ = {
			isa = PBXResourcesBuildPhase;
			buildActionMask = 2147483647;
			files = (
			);
			runOnlyForDeploymentPostprocessing = 0;
		};
/* End PBXResourcesBuildPhase section */

/* Begin PBXSourcesBuildPhase section */
		AE8E36AA2D7BF76D006FAD07 /* Sources */ = {
			isa = PBXSourcesBuildPhase;
			buildActionMask = 2147483647;
			files = (
			);
			runOnlyForDeploymentPostprocessing = 0;
		};
		AE8E36C02D7BF76E006FAD07 /* Sources */ = {
			isa = PBXSourcesBuildPhase;
			buildActionMask = 2147483647;
			files = (
			);
			runOnlyForDeploymentPostprocessing = 0;
		};
		AE8E36CA2D7BF76E006FAD07 /* Sources */ = {
			isa = PBXSourcesBuildPhase;
			buildActionMask = 2147483647;
			files = (
			);
			runOnlyForDeploymentPostprocessing = 0;
		};
/* End PBXSourcesBuildPhase section */

/* Begin PBXTargetDependency section */
		AE8E36C62D7BF76E006FAD07 /* PBXTargetDependency */ = {
			isa = PBXTargetDependency;
			target = AE8E36AD2D7BF76D006FAD07 /* CollegeDb */;
			targetProxy = AE8E36C52D7BF76E006FAD07 /* PBXContainerItemProxy */;
		};
		AE8E36D02D7BF76E006FAD07 /* PBXTargetDependency */ = {
			isa = PBXTargetDependency;
			target = AE8E36AD2D7BF76D006FAD07 /* CollegeDb */;
			targetProxy = AE8E36CF2D7BF76E006FAD07 /* PBXContainerItemProxy */;
		};
/* End PBXTargetDependency section */

/* Begin XCBuildConfiguration section */
		AE8E36D82D7BF76E006FAD07 /* Debug */ = {
			isa = XCBuildConfiguration;
			buildSettings = {
				ASSETCATALOG_COMPILER_APPICON_NAME = AppIcon;
				ASSETCATALOG_COMPILER_GLOBAL_ACCENT_COLOR_NAME = AccentColor;
				CODE_SIGN_STYLE = Automatic;
				CURRENT_PROJECT_VERSION = 1;
				GENERATE_INFOPLIST_FILE = YES;
				INFOPLIST_FILE = CollegeDb/Info.plist;
				INFOPLIST_KEY_UIApplicationSupportsIndirectInputEvents = YES;
				INFOPLIST_KEY_UILaunchStoryboardName = LaunchScreen;
				INFOPLIST_KEY_UIMainStoryboardFile = Main;
				INFOPLIST_KEY_UISupportedInterfaceOrientations_iPad = "UIInterfaceOrientationPortrait UIInterfaceOrientationPortraitUpsideDown UIInterfaceOrientationLandscapeLeft UIInterfaceOrientationLandscapeRight";
				INFOPLIST_KEY_UISupportedInterfaceOrientations_iPhone = "UIInterfaceOrientationPortrait UIInterfaceOrientationLandscapeLeft UIInterfaceOrientationLandscapeRight";
				LD_RUNPATH_SEARCH_PATHS = (
					"$(inherited)",
					"@executable_path/Frameworks",
				);
				MARKETING_VERSION = 1.0;
				PRODUCT_BUNDLE_IDENTIFIER = com.COSC.CollegeDb;
				PRODUCT_NAME = "$(TARGET_NAME)";
				SWIFT_EMIT_LOC_STRINGS = YES;
				SWIFT_VERSION = 5.0;
				TARGETED_DEVICE_FAMILY = "1,2";
			};
			name = Debug;
		};
		AE8E36D92D7BF76E006FAD07 /* Release */ = {
			isa = XCBuildConfiguration;
			buildSettings = {
				ASSETCATALOG_COMPILER_APPICON_NAME = AppIcon;
				ASSETCATALOG_COMPILER_GLOBAL_ACCENT_COLOR_NAME = AccentColor;
				CODE_SIGN_STYLE = Automatic;
				CURRENT_PROJECT_VERSION = 1;
				GENERATE_INFOPLIST_FILE = YES;
				INFOPLIST_FILE = CollegeDb/Info.plist;
				INFOPLIST_KEY_UIApplicationSupportsIndirectInputEvents = YES;
				INFOPLIST_KEY_UILaunchStoryboardName = LaunchScreen;
				INFOPLIST_KEY_UIMainStoryboardFile = Main;
				INFOPLIST_KEY_UISupportedInterfaceOrientations_iPad = "UIInterfaceOrientationPortrait UIInterfaceOrientationPortraitUpsideDown UIInterfaceOrientationLandscapeLeft UIInterfaceOrientationLandscapeRight";
				INFOPLIST_KEY_UISupportedInterfaceOrientations_iPhone = "UIInterfaceOrientationPortrait UIInterfaceOrientationLandscapeLeft UIInterfaceOrientationLandscapeRight";
				LD_RUNPATH_SEARCH_PATHS = (
					"$(inherited)",
					"@executable_path/Frameworks",
				);
				MARKETING_VERSION = 1.0;
				PRODUCT_BUNDLE_IDENTIFIER = com.COSC.CollegeDb;
				PRODUCT_NAME = "$(TARGET_NAME)";
				SWIFT_EMIT_LOC_STRINGS = YES;
				SWIFT_VERSION = 5.0;
				TARGETED_DEVICE_FAMILY = "1,2";
			};
			name = Release;
		};
		AE8E36DA2D7BF76E006FAD07 /* Debug */ = {
			isa = XCBuildConfiguration;
			buildSettings = {
				ALWAYS_SEARCH_USER_PATHS = NO;
				ASSETCATALOG_COMPILER_GENERATE_SWIFT_ASSET_SYMBOL_EXTENSIONS = YES;
				CLANG_ANALYZER_NONNULL = YES;
				CLANG_ANALYZER_NUMBER_OBJECT_CONVERSION = YES_AGGRESSIVE;
				CLANG_CXX_LANGUAGE_STANDARD = "gnu++20";
				CLANG_ENABLE_MODULES = YES;
				CLANG_ENABLE_OBJC_ARC = YES;
				CLANG_ENABLE_OBJC_WEAK = YES;
				CLANG_WARN_BLOCK_CAPTURE_AUTORELEASING = YES;
				CLANG_WARN_BOOL_CONVERSION = YES;
				CLANG_WARN_COMMA = YES;
				CLANG_WARN_CONSTANT_CONVERSION = YES;
				CLANG_WARN_DEPRECATED_OBJC_IMPLEMENTATIONS = YES;
				CLANG_WARN_DIRECT_OBJC_ISA_USAGE = YES_ERROR;
				CLANG_WARN_DOCUMENTATION_COMMENTS = YES;
				CLANG_WARN_EMPTY_BODY = YES;
				CLANG_WARN_ENUM_CONVERSION = YES;
				CLANG_WARN_INFINITE_RECURSION = YES;
				CLANG_WARN_INT_CONVERSION = YES;
				CLANG_WARN_NON_LITERAL_NULL_CONVERSION = YES;
				CLANG_WARN_OBJC_IMPLICIT_RETAIN_SELF = YES;
				CLANG_WARN_OBJC_LITERAL_CONVERSION = YES;
				CLANG_WARN_OBJC_ROOT_CLASS = YES_ERROR;
				CLANG_WARN_QUOTED_INCLUDE_IN_FRAMEWORK_HEADER = YES;
				CLANG_WARN_RANGE_LOOP_ANALYSIS = YES;
				CLANG_WARN_STRICT_PROTOTYPES = YES;
				CLANG_WARN_SUSPICIOUS_MOVE = YES;
				CLANG_WARN_UNGUARDED_AVAILABILITY = YES_AGGRESSIVE;
				CLANG_WARN_UNREACHABLE_CODE = YES;
				CLANG_WARN__DUPLICATE_METHOD_MATCH = YES;
				COPY_PHASE_STRIP = NO;
				DEBUG_INFORMATION_FORMAT = dwarf;
				ENABLE_STRICT_OBJC_MSGSEND = YES;
				ENABLE_TESTABILITY = YES;
				ENABLE_USER_SCRIPT_SANDBOXING = YES;
				GCC_C_LANGUAGE_STANDARD = gnu17;
				GCC_DYNAMIC_NO_PIC = NO;
				GCC_NO_COMMON_BLOCKS = YES;
				GCC_OPTIMIZATION_LEVEL = 0;
				GCC_PREPROCESSOR_DEFINITIONS = (
					"DEBUG=1",
					"$(inherited)",
				);
				GCC_WARN_64_TO_32_BIT_CONVERSION = YES;
				GCC_WARN_ABOUT_RETURN_TYPE = YES_ERROR;
				GCC_WARN_UNDECLARED_SELECTOR = YES;
				GCC_WARN_UNINITIALIZED_AUTOS = YES_AGGRESSIVE;
				GCC_WARN_UNUSED_FUNCTION = YES;
				GCC_WARN_UNUSED_VARIABLE = YES;
				IPHONEOS_DEPLOYMENT_TARGET = 18.2;
				LOCALIZATION_PREFERS_STRING_CATALOGS = YES;
				MTL_ENABLE_DEBUG_INFO = INCLUDE_SOURCE;
				MTL_FAST_MATH = YES;
				ONLY_ACTIVE_ARCH = YES;
				SDKROOT = iphoneos;
				SWIFT_ACTIVE_COMPILATION_CONDITIONS = "DEBUG $(inherited)";
				SWIFT_OPTIMIZATION_LEVEL = "-Onone";
			};
			name = Debug;
		};
		AE8E36DB2D7BF76E006FAD07 /* Release */ = {
			isa = XCBuildConfiguration;
			buildSettings = {
				ALWAYS_SEARCH_USER_PATHS = NO;
				ASSETCATALOG_COMPILER_GENERATE_SWIFT_ASSET_SYMBOL_EXTENSIONS = YES;
				CLANG_ANALYZER_NONNULL = YES;
				CLANG_ANALYZER_NUMBER_OBJECT_CONVERSION = YES_AGGRESSIVE;
				CLANG_CXX_LANGUAGE_STANDARD = "gnu++20";
				CLANG_ENABLE_MODULES = YES;
				CLANG_ENABLE_OBJC_ARC = YES;
				CLANG_ENABLE_OBJC_WEAK = YES;
				CLANG_WARN_BLOCK_CAPTURE_AUTORELEASING = YES;
				CLANG_WARN_BOOL_CONVERSION = YES;
				CLANG_WARN_COMMA = YES;
				CLANG_WARN_CONSTANT_CONVERSION = YES;
				CLANG_WARN_DEPRECATED_OBJC_IMPLEMENTATIONS = YES;
				CLANG_WARN_DIRECT_OBJC_ISA_USAGE = YES_ERROR;
				CLANG_WARN_DOCUMENTATION_COMMENTS = YES;
				CLANG_WARN_EMPTY_BODY = YES;
				CLANG_WARN_ENUM_CONVERSION = YES;
				CLANG_WARN_INFINITE_RECURSION = YES;
				CLANG_WARN_INT_CONVERSION = YES;
				CLANG_WARN_NON_LITERAL_NULL_CONVERSION = YES;
				CLANG_WARN_OBJC_IMPLICIT_RETAIN_SELF = YES;
				CLANG_WARN_OBJC_LITERAL_CONVERSION = YES;
				CLANG_WARN_OBJC_ROOT_CLASS = YES_ERROR;
				CLANG_WARN_QUOTED_INCLUDE_IN_FRAMEWORK_HEADER = YES;
				CLANG_WARN_RANGE_LOOP_ANALYSIS = YES;
				CLANG_WARN_STRICT_PROTOTYPES = YES;
				CLANG_WARN_SUSPICIOUS_MOVE = YES;
				CLANG_WARN_UNGUARDED_AVAILABILITY = YES_AGGRESSIVE;
				CLANG_WARN_UNREACHABLE_CODE = YES;
				CLANG_WARN__DUPLICATE_METHOD_MATCH = YES;
				COPY_PHASE_STRIP = NO;
				DEBUG_INFORMATION_FORMAT = "dwarf-with-dsym";
				ENABLE_NS_ASSERTIONS = NO;
				ENABLE_STRICT_OBJC_MSGSEND = YES;
				ENABLE_USER_SCRIPT_SANDBOXING = YES;
				GCC_C_LANGUAGE_STANDARD = gnu17;
				GCC_NO_COMMON_BLOCKS = YES;
				GCC_WARN_64_TO_32_BIT_CONVERSION = YES;
				GCC_WARN_ABOUT_RETURN_TYPE = YES_ERROR;
				GCC_WARN_UNDECLARED_SELECTOR = YES;
				GCC_WARN_UNINITIALIZED_AUTOS = YES_AGGRESSIVE;
				GCC_WARN_UNUSED_FUNCTION = YES;
				GCC_WARN_UNUSED_VARIABLE = YES;
				IPHONEOS_DEPLOYMENT_TARGET = 18.2;
				LOCALIZATION_PREFERS_STRING_CATALOGS = YES;
				MTL_ENABLE_DEBUG_INFO = NO;
				MTL_FAST_MATH = YES;
				SDKROOT = iphoneos;
				SWIFT_COMPILATION_MODE = wholemodule;
				VALIDATE_PRODUCT = YES;
			};
			name = Release;
		};
		AE8E36DD2D7BF76E006FAD07 /* Debug */ = {
			isa = XCBuildConfiguration;
			buildSettings = {
				BUNDLE_LOADER = "$(TEST_HOST)";
				CODE_SIGN_STYLE = Automatic;
				CURRENT_PROJECT_VERSION = 1;
				GENERATE_INFOPLIST_FILE = YES;
				IPHONEOS_DEPLOYMENT_TARGET = 18.2;
				MARKETING_VERSION = 1.0;
				PRODUCT_BUNDLE_IDENTIFIER = com.COSC.CollegeDbTests;
				PRODUCT_NAME = "$(TARGET_NAME)";
				SWIFT_EMIT_LOC_STRINGS = NO;
				SWIFT_VERSION = 5.0;
				TARGETED_DEVICE_FAMILY = "1,2";
				TEST_HOST = "$(BUILT_PRODUCTS_DIR)/CollegeDb.app/$(BUNDLE_EXECUTABLE_FOLDER_PATH)/CollegeDb";
			};
			name = Debug;
		};
		AE8E36DE2D7BF76E006FAD07 /* Release */ = {
			isa = XCBuildConfiguration;
			buildSettings = {
				BUNDLE_LOADER = "$(TEST_HOST)";
				CODE_SIGN_STYLE = Automatic;
				CURRENT_PROJECT_VERSION = 1;
				GENERATE_INFOPLIST_FILE = YES;
				IPHONEOS_DEPLOYMENT_TARGET = 18.2;
				MARKETING_VERSION = 1.0;
				PRODUCT_BUNDLE_IDENTIFIER = com.COSC.CollegeDbTests;
				PRODUCT_NAME = "$(TARGET_NAME)";
				SWIFT_EMIT_LOC_STRINGS = NO;
				SWIFT_VERSION = 5.0;
				TARGETED_DEVICE_FAMILY = "1,2";
				TEST_HOST = "$(BUILT_PRODUCTS_DIR)/CollegeDb.app/$(BUNDLE_EXECUTABLE_FOLDER_PATH)/CollegeDb";
			};
			name = Release;
		};
		AE8E36E02D7BF76E006FAD07 /* Debug */ = {
			isa = XCBuildConfiguration;
			buildSettings = {
				CODE_SIGN_STYLE = Automatic;
				CURRENT_PROJECT_VERSION = 1;
				GENERATE_INFOPLIST_FILE = YES;
				MARKETING_VERSION = 1.0;
				PRODUCT_BUNDLE_IDENTIFIER = com.COSC.CollegeDbUITests;
				PRODUCT_NAME = "$(TARGET_NAME)";
				SWIFT_EMIT_LOC_STRINGS = NO;
				SWIFT_VERSION = 5.0;
				TARGETED_DEVICE_FAMILY = "1,2";
				TEST_TARGET_NAME = CollegeDb;
			};
			name = Debug;
		};
		AE8E36E12D7BF76E006FAD07 /* Release */ = {
			isa = XCBuildConfiguration;
			buildSettings = {
				CODE_SIGN_STYLE = Automatic;
				CURRENT_PROJECT_VERSION = 1;
				GENERATE_INFOPLIST_FILE = YES;
				MARKETING_VERSION = 1.0;
				PRODUCT_BUNDLE_IDENTIFIER = com.COSC.CollegeDbUITests;
				PRODUCT_NAME = "$(TARGET_NAME)";
				SWIFT_EMIT_LOC_STRINGS = NO;
				SWIFT_VERSION = 5.0;
				TARGETED_DEVICE_FAMILY = "1,2";
				TEST_TARGET_NAME = CollegeDb;
			};
			name = Release;
		};
/* End XCBuildConfiguration section */

/* Begin XCConfigurationList section */
		AE8E36A92D7BF76D006FAD07 /* Build configuration list for PBXProject "CollegeDb" */ = {
			isa = XCConfigurationList;
			buildConfigurations = (
				AE8E36DA2D7BF76E006FAD07 /* Debug */,
				AE8E36DB2D7BF76E006FAD07 /* Release */,
			);
			defaultConfigurationIsVisible = 0;
			defaultConfigurationName = Release;
		};
		AE8E36D72D7BF76E006FAD07 /* Build configuration list for PBXNativeTarget "CollegeDb" */ = {
			isa = XCConfigurationList;
			buildConfigurations = (
				AE8E36D82D7BF76E006FAD07 /* Debug */,
				AE8E36D92D7BF76E006FAD07 /* Release */,
			);
			defaultConfigurationIsVisible = 0;
			defaultConfigurationName = Release;
		};
		AE8E36DC2D7BF76E006FAD07 /* Build configuration list for PBXNativeTarget "CollegeDbTests" */ = {
			isa = XCConfigurationList;
			buildConfigurations = (
				AE8E36DD2D7BF76E006FAD07 /* Debug */,
				AE8E36DE2D7BF76E006FAD07 /* Release */,
			);
			defaultConfigurationIsVisible = 0;
			defaultConfigurationName = Release;
		};
		AE8E36DF2D7BF76E006FAD07 /* Build configuration list for PBXNativeTarget "CollegeDbUITests" */ = {
			isa = XCConfigurationList;
			buildConfigurations = (
				AE8E36E02D7BF76E006FAD07 /* Debug */,
				AE8E36E12D7BF76E006FAD07 /* Release */,
			);
			defaultConfigurationIsVisible = 0;
			defaultConfigurationName = Release;
		};
/* End XCConfigurationList section */
	};
	rootObject = AE8E36A62D7BF76D006FAD07 /* Project object */;
}
